{
  "name": "frontend_tutorial",
  "version": "1.0.0",
  "lockfileVersion": 2,
  "requires": true,
  "packages": {
    "": {
      "name": "frontend_tutorial",
      "version": "1.0.0",
      "license": "ISC",
      "dependencies": {
        "arithmetics_vasanth": "^1.0.0"
      }
    },
    "node_modules/arithmetics_vasanth": {
      "version": "1.0.0",
      "resolved": "https://registry.npmjs.org/arithmetics_vasanth/-/arithmetics_vasanth-1.0.0.tgz",
      "integrity": "sha512-Vq2TH8uF8Hrh+WNubdJLcyjEyEPhO//jIZ1SbtoIdMVqVwoqkfJ3wr2FOwPS0qkULOfC5KtLveMGtWDNSuNOpg=="
    }
  },
  "dependencies": {
    "arithmetics_vasanth": {
      "version": "1.0.0",
      "resolved": "https://registry.npmjs.org/arithmetics_vasanth/-/arithmetics_vasanth-1.0.0.tgz",
      "integrity": "sha512-Vq2TH8uF8Hrh+WNubdJLcyjEyEPhO//jIZ1SbtoIdMVqVwoqkfJ3wr2FOwPS0qkULOfC5KtLveMGtWDNSuNOpg=="
    }
  }
}
